
Microsoft Visual Studio Solution File, Format Version 12.00
# Visual Studio 14
VisualStudioVersion = 14.0.23107.0
MinimumVisualStudioVersion = 10.0.40219.1
Project("{F2A71F9B-5D33-465A-A702-920D77279786}") = "F", "F\F.fsproj", "{CF639BEB-DCE9-46F2-8D7F-3C9C2101403E}"
EndProject
Project("{FAE04EC0-301F-11D3-BF4B-00C04F79EFBC}") = "WiaCopyTool", "WiaCopyTool\WiaCopyTool.csproj", "{A0D941EF-1EF6-47CD-9E4F-EDD3497DC594}"
EndProject
Global
	GlobalSection(SolutionConfigurationPlatforms) = preSolution
		Debug|Any CPU = Debug|Any CPU
		Release|Any CPU = Release|Any CPU
	EndGlobalSection
	GlobalSection(ProjectConfigurationPlatforms) = postSolution
		{CF639BEB-DCE9-46F2-8D7F-3C9C2101403E}.Debug|Any CPU.ActiveCfg = Debug|Any CPU
		{CF639BEB-DCE9-46F2-8D7F-3C9C2101403E}.Debug|Any CPU.Build.0 = Debug|Any CPU
		{CF639BEB-DCE9-46F2-8D7F-3C9C2101403E}.Release|Any CPU.ActiveCfg = Release|Any CPU
		{CF639BEB-DCE9-46F2-8D7F-3C9C2101403E}.Release|Any CPU.Build.0 = Release|Any CPU
		{A0D941EF-1EF6-47CD-9E4F-EDD3497DC594}.Debug|Any CPU.ActiveCfg = Debug|Any CPU
		{A0D941EF-1EF6-47CD-9E4F-EDD3497DC594}.Debug|Any CPU.Build.0 = Debug|Any CPU
		{A0D941EF-1EF6-47CD-9E4F-EDD3497DC594}.Release|Any CPU.ActiveCfg = Release|Any CPU
		{A0D941EF-1EF6-47CD-9E4F-EDD3497DC594}.Release|Any CPU.Build.0 = Release|Any CPU
	EndGlobalSection
	GlobalSection(SolutionProperties) = preSolution
		HideSolutionNode = FALSE
	EndGlobalSection
EndGlobal
